
Microsoft Visual Studio Solution File, Format Version 12.00
# Visual Studio Version 17
VisualStudioVersion = 17.14.36212.18
MinimumVisualStudioVersion = 10.0.40219.1
Project("{FAE04EC0-301F-11D3-BF4B-00C04F79EFBC}") = "Schematics.API", "src\Schematics.API\Schematics.API.csproj", "{A62E8E7B-E1BF-4203-875C-CE4C8AFD77D0}"
EndProject
Project("{FAE04EC0-301F-11D3-BF4B-00C04F79EFBC}") = "Test", "Test\Test.csproj", "{FF902F7A-46E1-4524-95B7-CB6337CC4FE3}"
EndProject
Global
	GlobalSection(SolutionConfigurationPlatforms) = preSolution
		Debug|Any CPU = Debug|Any CPU
		Release|Any CPU = Release|Any CPU
	EndGlobalSection
	GlobalSection(ProjectConfigurationPlatforms) = postSolution
		{A62E8E7B-E1BF-4203-875C-CE4C8AFD77D0}.Debug|Any CPU.ActiveCfg = Debug|Any CPU
		{A62E8E7B-E1BF-4203-875C-CE4C8AFD77D0}.Debug|Any CPU.Build.0 = Debug|Any CPU
		{A62E8E7B-E1BF-4203-875C-CE4C8AFD77D0}.Release|Any CPU.ActiveCfg = Release|Any CPU
		{A62E8E7B-E1BF-4203-875C-CE4C8AFD77D0}.Release|Any CPU.Build.0 = Release|Any CPU
		{FF902F7A-46E1-4524-95B7-CB6337CC4FE3}.Debug|Any CPU.ActiveCfg = Debug|Any CPU
		{FF902F7A-46E1-4524-95B7-CB6337CC4FE3}.Debug|Any CPU.Build.0 = Debug|Any CPU
		{FF902F7A-46E1-4524-95B7-CB6337CC4FE3}.Release|Any CPU.ActiveCfg = Release|Any CPU
		{FF902F7A-46E1-4524-95B7-CB6337CC4FE3}.Release|Any CPU.Build.0 = Release|Any CPU
	EndGlobalSection
	GlobalSection(SolutionProperties) = preSolution
		HideSolutionNode = FALSE
	EndGlobalSection
	GlobalSection(ExtensibilityGlobals) = postSolution
		SolutionGuid = {38A60363-099B-4BB1-B5F9-5FBA42629894}
	EndGlobalSection
EndGlobal
